
Microsoft Visual Studio Solution File, Format Version 11.00
# Visual Studio 2010
Project("{F184B08F-C81C-45F6-A57F-5ABD9991F28F}") = "vbprojectNV", "vbprojectNV\vbprojectNV.vbproj", "{F8186275-5054-48EB-9066-734DEEB83B4F}"
EndProject
Global
	GlobalSection(SolutionConfigurationPlatforms) = preSolution
		Debug|x86 = Debug|x86
		Release|x86 = Release|x86
	EndGlobalSection
	GlobalSection(ProjectConfigurationPlatforms) = postSolution
		{F8186275-5054-48EB-9066-734DEEB83B4F}.Debug|x86.ActiveCfg = Debug|x86
		{F8186275-5054-48EB-9066-734DEEB83B4F}.Debug|x86.Build.0 = Debug|x86
		{F8186275-5054-48EB-9066-734DEEB83B4F}.Release|x86.ActiveCfg = Release|x86
		{F8186275-5054-48EB-9066-734DEEB83B4F}.Release|x86.Build.0 = Release|x86
	EndGlobalSection
	GlobalSection(SolutionProperties) = preSolution
		HideSolutionNode = FALSE
	EndGlobalSection
EndGlobal
